// !$*UTF8*$!
{
	archiveVersion = 1;
	classes = {
	};
	objectVersion = 50;
	objects = {

/* Begin PBXBuildFile section */
		DFAD6E852382AABB00FE14F7 /* AppDelegate.swift in Sources */ = {isa = PBXBuildFile; fileRef = DFAD6E842382AABB00FE14F7 /* AppDelegate.swift */; };
		DFAD6E872382AABB00FE14F7 /* SceneDelegate.swift in Sources */ = {isa = PBXBuildFile; fileRef = DFAD6E862382AABB00FE14F7 /* SceneDelegate.swift */; };
		DFAD6E892382AABB00FE14F7 /* ViewController.swift in Sources */ = {isa = PBXBuildFile; fileRef = DFAD6E882382AABB00FE14F7 /* ViewController.swift */; };
		DFAD6E8C2382AABB00FE14F7 /* Main.storyboard in Resources */ = {isa = PBXBuildFile; fileRef = DFAD6E8A2382AABB00FE14F7 /* Main.storyboard */; };
		DFAD6E8E2382AABE00FE14F7 /* Assets.xcassets in Resources */ = {isa = PBXBuildFile; fileRef = DFAD6E8D2382AABE00FE14F7 /* Assets.xcassets */; };
		DFAD6E912382AABE00FE14F7 /* LaunchScreen.storyboard in Resources */ = {isa = PBXBuildFile; fileRef = DFAD6E8F2382AABE00FE14F7 /* LaunchScreen.storyboard */; };
		DFAD6E992382B59900FE14F7 /* PreviewView.swift in Sources */ = {isa = PBXBuildFile; fileRef = DFAD6E982382B59900FE14F7 /* PreviewView.swift */; };
/* End PBXBuildFile section */

/* Begin PBXFileReference section */
		DFAD6E812382AABB00FE14F7 /* airbank-ocr-demo.app */ = {isa = PBXFileReference; explicitFileType = wrapper.application; includeInIndex = 0; path = "airbank-ocr-demo.app"; sourceTree = BUILT_PRODUCTS_DIR; };
		DFAD6E842382AABB00FE14F7 /* AppDelegate.swift */ = {isa = PBXFileReference; lastKnownFileType = sourcecode.swift; path = AppDelegate.swift; sourceTree = "<group>"; };
		DFAD6E862382AABB00FE14F7 /* SceneDelegate.swift */ = {isa = PBXFileReference; lastKnownFileType = sourcecode.swift; path = SceneDelegate.swift; sourceTree = "<group>"; };
		DFAD6E882382AABB00FE14F7 /* ViewController.swift */ = {isa = PBXFileReference; lastKnownFileType = sourcecode.swift; path = ViewController.swift; sourceTree = "<group>"; };
		DFAD6E8B2382AABB00FE14F7 /* Base */ = {isa = PBXFileReference; lastKnownFileType = file.storyboard; name = Base; path = Base.lproj/Main.storyboard; sourceTree = "<group>"; };
		DFAD6E8D2382AABE00FE14F7 /* Assets.xcassets */ = {isa = PBXFileReference; lastKnownFileType = folder.assetcatalog; path = Assets.xcassets; sourceTree = "<group>"; };
		DFAD6E902382AABE00FE14F7 /* Base */ = {isa = PBXFileReference; lastKnownFileType = file.storyboard; name = Base; path = Base.lproj/LaunchScreen.storyboard; sourceTree = "<group>"; };
		DFAD6E922382AABE00FE14F7 /* Info.plist */ = {isa = PBXFileReference; lastKnownFileType = text.plist.xml; path = Info.plist; sourceTree = "<group>"; };
		DFAD6E982382B59900FE14F7 /* PreviewView.swift */ = {isa = PBXFileReference; lastKnownFileType = sourcecode.swift; path = PreviewView.swift; sourceTree = "<group>"; };
/* End PBXFileReference section */

/* Begin PBXFrameworksBuildPhase section */
		DFAD6E7E2382AABB00FE14F7 /* Frameworks */ = {
			isa = PBXFrameworksBuildPhase;
			buildActionMask = 2147483647;
			files = (
			);
			runOnlyForDeploymentPostprocessing = 0;
		};
/* End PBXFrameworksBuildPhase section */

/* Begin PBXGroup section */
		DFAD6E782382AABB00FE14F7 = {
			isa = PBXGroup;
			children = (
				DFAD6E832382AABB00FE14F7 /* airbank-ocr-demo */,
				DFAD6E822382AABB00FE14F7 /* Products */,
			);
			sourceTree = "<group>";
		};
		DFAD6E822382AABB00FE14F7 /* Products */ = {
			isa = PBXGroup;
			children = (
				DFAD6E812382AABB00FE14F7 /* airbank-ocr-demo.app */,
			);
			name = Products;
			sourceTree = "<group>";
		};
		DFAD6E832382AABB00FE14F7 /* airbank-ocr-demo */ = {
			isa = PBXGroup;
			children = (
				DFAD6E842382AABB00FE14F7 /* AppDelegate.swift */,
				DFAD6E862382AABB00FE14F7 /* SceneDelegate.swift */,
				DFAD6E882382AABB00FE14F7 /* ViewController.swift */,
				DFAD6E982382B59900FE14F7 /* PreviewView.swift */,
				DFAD6E8A2382AABB00FE14F7 /* Main.storyboard */,
				DFAD6E8D2382AABE00FE14F7 /* Assets.xcassets */,
				DFAD6E8F2382AABE00FE14F7 /* LaunchScreen.storyboard */,
				DFAD6E922382AABE00FE14F7 /* Info.plist */,
			);
			path = "airbank-ocr-demo";
			sourceTree = "<group>";
		};
/* End PBXGroup section */

/* Begin PBXNativeTarget section */
		DFAD6E802382AABB00FE14F7 /* airbank-ocr-demo */ = {
			isa = PBXNativeTarget;
			buildConfigurationList = DFAD6E952382AABE00FE14F7 /* Build configuration list for PBXNativeTarget "airbank-ocr-demo" */;
			buildPhases = (
				DFAD6E7D2382AABB00FE14F7 /* Sources */,
				DFAD6E7E2382AABB00FE14F7 /* Frameworks */,
				DFAD6E7F2382AABB00FE14F7 /* Resources */,
			);
			buildRules = (
			);
			dependencies = (
			);
			name = "airbank-ocr-demo";
			productName = "airbank-ocr-demo";
			productReference = DFAD6E812382AABB00FE14F7 /* airbank-ocr-demo.app */;
			productType = "com.apple.product-type.application";
		};
/* End PBXNativeTarget section */

/* Begin PBXProject section */
		DFAD6E792382AABB00FE14F7 /* Project object */ = {
			isa = PBXProject;
			attributes = {
				LastSwiftUpdateCheck = 1120;
				LastUpgradeCheck = 1120;
				ORGANIZATIONNAME = "Marek Přidal";
				TargetAttributes = {
					DFAD6E802382AABB00FE14F7 = {
						CreatedOnToolsVersion = 11.2.1;
					};
				};
			};
			buildConfigurationList = DFAD6E7C2382AABB00FE14F7 /* Build configuration list for PBXProject "airbank-ocr-demo" */;
			compatibilityVersion = "Xcode 9.3";
			developmentRegion = en;
			hasScannedForEncodings = 0;
			knownRegions = (
				en,
				Base,
			);
			mainGroup = DFAD6E782382AABB00FE14F7;
			productRefGroup = DFAD6E822382AABB00FE14F7 /* Products */;
			projectDirPath = "";
			projectRoot = "";
			targets = (
				DFAD6E802382AABB00FE14F7 /* airbank-ocr-demo */,
			);
		};
/* End PBXProject section */

/* Begin PBXResourcesBuildPhase section */
		DFAD6E7F2382AABB00FE14F7 /* Resources */ = {
			isa = PBXResourcesBuildPhase;
			buildActionMask = 2147483647;
			files = (
				DFAD6E912382AABE00FE14F7 /* LaunchScreen.storyboard in Resources */,
				DFAD6E8E2382AABE00FE14F7 /* Assets.xcassets in Resources */,
				DFAD6E8C2382AABB00FE14F7 /* Main.storyboard in Resources */,
			);
			runOnlyForDeploymentPostprocessing = 0;
		};
/* End PBXResourcesBuildPhase section */

/* Begin PBXSourcesBuildPhase section */
		DFAD6E7D2382AABB00FE14F7 /* Sources */ = {
			isa = PBXSourcesBuildPhase;
			buildActionMask = 2147483647;
			files = (
				DFAD6E892382AABB00FE14F7 /* ViewController.swift in Sources */,
				DFAD6E992382B59900FE14F7 /* PreviewView.swift in Sources */,
				DFAD6E852382AABB00FE14F7 /* AppDelegate.swift in Sources */,
				DFAD6E872382AABB00FE14F7 /* SceneDelegate.swift in Sources */,
			);
			runOnlyForDeploymentPostprocessing = 0;
		};
/* End PBXSourcesBuildPhase section */

/* Begin PBXVariantGroup section */
		DFAD6E8A2382AABB00FE14F7 /* Main.storyboard */ = {
			isa = PBXVariantGroup;
			children = (
				DFAD6E8B2382AABB00FE14F7 /* Base */,
			);
			name = Main.storyboard;
			sourceTree = "<group>";
		};
		DFAD6E8F2382AABE00FE14F7 /* LaunchScreen.storyboard */ = {
			isa = PBXVariantGroup;
			children = (
				DFAD6E902382AABE00FE14F7 /* Base */,
			);
			name = LaunchScreen.storyboard;
			sourceTree = "<group>";
		};
/* End PBXVariantGroup section */

/* Begin XCBuildConfiguration section */
		DFAD6E932382AABE00FE14F7 /* Debug */ = {
			isa = XCBuildConfiguration;
			buildSettings = {
				ALWAYS_SEARCH_USER_PATHS = NO;
				CLANG_ANALYZER_NONNULL = YES;
				CLANG_ANALYZER_NUMBER_OBJECT_CONVERSION = YES_AGGRESSIVE;
				CLANG_CXX_LANGUAGE_STANDARD = "gnu++14";
				CLANG_CXX_LIBRARY = "libc++";
				CLANG_ENABLE_MODULES = YES;
				CLANG_ENABLE_OBJC_ARC = YES;
				CLANG_ENABLE_OBJC_WEAK = YES;
				CLANG_WARN_BLOCK_CAPTURE_AUTORELEASING = YES;
				CLANG_WARN_BOOL_CONVERSION = YES;
				CLANG_WARN_COMMA = YES;
				CLANG_WARN_CONSTANT_CONVERSION = YES;
				CLANG_WARN_DEPRECATED_OBJC_IMPLEMENTATIONS = YES;
				CLANG_WARN_DIRECT_OBJC_ISA_USAGE = YES_ERROR;
				CLANG_WARN_DOCUMENTATION_COMMENTS = YES;
				CLANG_WARN_EMPTY_BODY = YES;
				CLANG_WARN_ENUM_CONVERSION = YES;
				CLANG_WARN_INFINITE_RECURSION = YES;
				CLANG_WARN_INT_CONVERSION = YES;
				CLANG_WARN_NON_LITERAL_NULL_CONVERSION = YES;
				CLANG_WARN_OBJC_IMPLICIT_RETAIN_SELF = YES;
				CLANG_WARN_OBJC_LITERAL_CONVERSION = YES;
				CLANG_WARN_OBJC_ROOT_CLASS = YES_ERROR;
				CLANG_WARN_RANGE_LOOP_ANALYSIS = YES;
				CLANG_WARN_STRICT_PROTOTYPES = YES;
				CLANG_WARN_SUSPICIOUS_MOVE = YES;
				CLANG_WARN_UNGUARDED_AVAILABILITY = YES_AGGRESSIVE;
				CLANG_WARN_UNREACHABLE_CODE = YES;
				CLANG_WARN__DUPLICATE_METHOD_MATCH = YES;
				COPY_PHASE_STRIP = NO;
				DEBUG_INFORMATION_FORMAT = dwarf;
				ENABLE_STRICT_OBJC_MSGSEND = YES;
				ENABLE_TESTABILITY = YES;
				GCC_C_LANGUAGE_STANDARD = gnu11;
				GCC_DYNAMIC_NO_PIC = NO;
				GCC_NO_COMMON_BLOCKS = YES;
				GCC_OPTIMIZATION_LEVEL = 0;
				GCC_PREPROCESSOR_DEFINITIONS = (
					"DEBUG=1",
					"$(inherited)",
				);
				GCC_WARN_64_TO_32_BIT_CONVERSION = YES;
				GCC_WARN_ABOUT_RETURN_TYPE = YES_ERROR;
				GCC_WARN_UNDECLARED_SELECTOR = YES;
				GCC_WARN_UNINITIALIZED_AUTOS = YES_AGGRESSIVE;
				GCC_WARN_UNUSED_FUNCTION = YES;
				GCC_WARN_UNUSED_VARIABLE = YES;
				IPHONEOS_DEPLOYMENT_TARGET = 13.2;
				MTL_ENABLE_DEBUG_INFO = INCLUDE_SOURCE;
				MTL_FAST_MATH = YES;
				ONLY_ACTIVE_ARCH = YES;
				SDKROOT = iphoneos;
				SWIFT_ACTIVE_COMPILATION_CONDITIONS = DEBUG;
				SWIFT_OPTIMIZATION_LEVEL = "-Onone";
			};
			name = Debug;
		};
		DFAD6E942382AABE00FE14F7 /* Release */ = {
			isa = XCBuildConfiguration;
			buildSettings = {
				ALWAYS_SEARCH_USER_PATHS = NO;
				CLANG_ANALYZER_NONNULL = YES;
				CLANG_ANALYZER_NUMBER_OBJECT_CONVERSION = YES_AGGRESSIVE;
				CLANG_CXX_LANGUAGE_STANDARD = "gnu++14";
				CLANG_CXX_LIBRARY = "libc++";
				CLANG_ENABLE_MODULES = YES;
				CLANG_ENABLE_OBJC_ARC = YES;
				CLANG_ENABLE_OBJC_WEAK = YES;
				CLANG_WARN_BLOCK_CAPTURE_AUTORELEASING = YES;
				CLANG_WARN_BOOL_CONVERSION = YES;
				CLANG_WARN_COMMA = YES;
				CLANG_WARN_CONSTANT_CONVERSION = YES;
				CLANG_WARN_DEPRECATED_OBJC_IMPLEMENTATIONS = YES;
				CLANG_WARN_DIRECT_OBJC_ISA_USAGE = YES_ERROR;
				CLANG_WARN_DOCUMENTATION_COMMENTS = YES;
				CLANG_WARN_EMPTY_BODY = YES;
				CLANG_WARN_ENUM_CONVERSION = YES;
				CLANG_WARN_INFINITE_RECURSION = YES;
				CLANG_WARN_INT_CONVERSION = YES;
				CLANG_WARN_NON_LITERAL_NULL_CONVERSION = YES;
				CLANG_WARN_OBJC_IMPLICIT_RETAIN_SELF = YES;
				CLANG_WARN_OBJC_LITERAL_CONVERSION = YES;
				CLANG_WARN_OBJC_ROOT_CLASS = YES_ERROR;
				CLANG_WARN_RANGE_LOOP_ANALYSIS = YES;
				CLANG_WARN_STRICT_PROTOTYPES = YES;
				CLANG_WARN_SUSPICIOUS_MOVE = YES;
				CLANG_WARN_UNGUARDED_AVAILABILITY = YES_AGGRESSIVE;
				CLANG_WARN_UNREACHABLE_CODE = YES;
				CLANG_WARN__DUPLICATE_METHOD_MATCH = YES;
				COPY_PHASE_STRIP = NO;
				DEBUG_INFORMATION_FORMAT = "dwarf-with-dsym";
				ENABLE_NS_ASSERTIONS = NO;
				ENABLE_STRICT_OBJC_MSGSEND = YES;
				GCC_C_LANGUAGE_STANDARD = gnu11;
				GCC_NO_COMMON_BLOCKS = YES;
				GCC_WARN_64_TO_32_BIT_CONVERSION = YES;
				GCC_WARN_ABOUT_RETURN_TYPE = YES_ERROR;
				GCC_WARN_UNDECLARED_SELECTOR = YES;
				GCC_WARN_UNINITIALIZED_AUTOS = YES_AGGRESSIVE;
				GCC_WARN_UNUSED_FUNCTION = YES;
				GCC_WARN_UNUSED_VARIABLE = YES;
				IPHONEOS_DEPLOYMENT_TARGET = 13.2;
				MTL_ENABLE_DEBUG_INFO = NO;
				MTL_FAST_MATH = YES;
				SDKROOT = iphoneos;
				SWIFT_COMPILATION_MODE = wholemodule;
				SWIFT_OPTIMIZATION_LEVEL = "-O";
				VALIDATE_PRODUCT = YES;
			};
			name = Release;
		};
		DFAD6E962382AABE00FE14F7 /* Debug */ = {
			isa = XCBuildConfiguration;
			buildSettings = {
				ASSETCATALOG_COMPILER_APPICON_NAME = AppIcon;
				CODE_SIGN_STYLE = Automatic;
				DEVELOPMENT_TEAM = JV7TARSQ32;
				INFOPLIST_FILE = "airbank-ocr-demo/Info.plist";
				LD_RUNPATH_SEARCH_PATHS = (
					"$(inherited)",
					"@executable_path/Frameworks",
				);
				PRODUCT_BUNDLE_IDENTIFIER = "eu.marekpridal.airbank-ocr-demo";
				PRODUCT_NAME = "$(TARGET_NAME)";
				SWIFT_VERSION = 5.0;
				TARGETED_DEVICE_FAMILY = "1,2";
			};
			name = Debug;
		};
		DFAD6E972382AABE00FE14F7 /* Release */ = {
			isa = XCBuildConfiguration;
			buildSettings = {
				ASSETCATALOG_COMPILER_APPICON_NAME = AppIcon;
				CODE_SIGN_STYLE = Automatic;
				DEVELOPMENT_TEAM = JV7TARSQ32;
				INFOPLIST_FILE = "airbank-ocr-demo/Info.plist";
				LD_RUNPATH_SEARCH_PATHS = (
					"$(inherited)",
					"@executable_path/Frameworks",
				);
				PRODUCT_BUNDLE_IDENTIFIER = "eu.marekpridal.airbank-ocr-demo";
				PRODUCT_NAME = "$(TARGET_NAME)";
				SWIFT_VERSION = 5.0;
				TARGETED_DEVICE_FAMILY = "1,2";
			};
			name = Release;
		};
/* End XCBuildConfiguration section */

/* Begin XCConfigurationList section */
		DFAD6E7C2382AABB00FE14F7 /* Build configuration list for PBXProject "airbank-ocr-demo" */ = {
			isa = XCConfigurationList;
			buildConfigurations = (
				DFAD6E932382AABE00FE14F7 /* Debug */,
				DFAD6E942382AABE00FE14F7 /* Release */,
			);
			defaultConfigurationIsVisible = 0;
			defaultConfigurationName = Release;
		};
		DFAD6E952382AABE00FE14F7 /* Build configuration list for PBXNativeTarget "airbank-ocr-demo" */ = {
			isa = XCConfigurationList;
			buildConfigurations = (
				DFAD6E962382AABE00FE14F7 /* Debug */,
				DFAD6E972382AABE00FE14F7 /* Release */,
			);
			defaultConfigurationIsVisible = 0;
			defaultConfigurationName = Release;
		};
/* End XCConfigurationList section */
	};
	rootObject = DFAD6E792382AABB00FE14F7 /* Project object */;
}
